
Microsoft Visual Studio Solution File, Format Version 12.00
# Visual Studio Version 16
VisualStudioVersion = 16.0.29721.120
MinimumVisualStudioVersion = 10.0.40219.1
Project("{8BC9CEB8-8B4A-11D0-8D11-00A0C91BC942}") = "RS", "RS\RS.vcxproj", "{8CE4697A-52F0-4835-A299-ABEDF9EE9570}"
EndProject
Project("{8BC9CEB8-8B4A-11D0-8D11-00A0C91BC942}") = "UnitTestRS", "UnitTestRS\UnitTestRS.vcxproj", "{D338CE50-E335-40E2-8388-F82D2681B4E2}"
EndProject
Global
	GlobalSection(SolutionConfigurationPlatforms) = preSolution
		Debug|x64 = Debug|x64
		Debug|x86 = Debug|x86
		Release|x64 = Release|x64
		Release|x86 = Release|x86
	EndGlobalSection
	GlobalSection(ProjectConfigurationPlatforms) = postSolution
		{8CE4697A-52F0-4835-A299-ABEDF9EE9570}.Debug|x64.ActiveCfg = Debug|x64
		{8CE4697A-52F0-4835-A299-ABEDF9EE9570}.Debug|x64.Build.0 = Debug|x64
		{8CE4697A-52F0-4835-A299-ABEDF9EE9570}.Debug|x86.ActiveCfg = Debug|Win32
		{8CE4697A-52F0-4835-A299-ABEDF9EE9570}.Debug|x86.Build.0 = Debug|Win32
		{8CE4697A-52F0-4835-A299-ABEDF9EE9570}.Release|x64.ActiveCfg = Release|x64
		{8CE4697A-52F0-4835-A299-ABEDF9EE9570}.Release|x64.Build.0 = Release|x64
		{8CE4697A-52F0-4835-A299-ABEDF9EE9570}.Release|x86.ActiveCfg = Release|Win32
		{8CE4697A-52F0-4835-A299-ABEDF9EE9570}.Release|x86.Build.0 = Release|Win32
		{D338CE50-E335-40E2-8388-F82D2681B4E2}.Debug|x64.ActiveCfg = Debug|x64
		{D338CE50-E335-40E2-8388-F82D2681B4E2}.Debug|x64.Build.0 = Debug|x64
		{D338CE50-E335-40E2-8388-F82D2681B4E2}.Debug|x86.ActiveCfg = Debug|Win32
		{D338CE50-E335-40E2-8388-F82D2681B4E2}.Debug|x86.Build.0 = Debug|Win32
		{D338CE50-E335-40E2-8388-F82D2681B4E2}.Release|x64.ActiveCfg = Release|x64
		{D338CE50-E335-40E2-8388-F82D2681B4E2}.Release|x64.Build.0 = Release|x64
		{D338CE50-E335-40E2-8388-F82D2681B4E2}.Release|x86.ActiveCfg = Release|Win32
		{D338CE50-E335-40E2-8388-F82D2681B4E2}.Release|x86.Build.0 = Release|Win32
	EndGlobalSection
	GlobalSection(SolutionProperties) = preSolution
		HideSolutionNode = FALSE
	EndGlobalSection
	GlobalSection(ExtensibilityGlobals) = postSolution
		SolutionGuid = {B7ECC18B-56FE-4BAB-9D0A-4F11F8D41640}
	EndGlobalSection
EndGlobal
